
Microsoft Visual Studio Solution File, Format Version 12.00
# Visual Studio Version 17
VisualStudioVersion = 17.6.33815.320
MinimumVisualStudioVersion = 10.0.40219.1
Project("{FAE04EC0-301F-11D3-BF4B-00C04F79EFBC}") = "Phase3Section3.10", "Phase3Section3.10\Phase3Section3.10.csproj", "{6A2B3B00-43E3-4DAB-849A-7A09342A0C68}"
EndProject
Global
	GlobalSection(SolutionConfigurationPlatforms) = preSolution
		Debug|Any CPU = Debug|Any CPU
		Release|Any CPU = Release|Any CPU
	EndGlobalSection
	GlobalSection(ProjectConfigurationPlatforms) = postSolution
		{6A2B3B00-43E3-4DAB-849A-7A09342A0C68}.Debug|Any CPU.ActiveCfg = Debug|Any CPU
		{6A2B3B00-43E3-4DAB-849A-7A09342A0C68}.Debug|Any CPU.Build.0 = Debug|Any CPU
		{6A2B3B00-43E3-4DAB-849A-7A09342A0C68}.Release|Any CPU.ActiveCfg = Release|Any CPU
		{6A2B3B00-43E3-4DAB-849A-7A09342A0C68}.Release|Any CPU.Build.0 = Release|Any CPU
	EndGlobalSection
	GlobalSection(SolutionProperties) = preSolution
		HideSolutionNode = FALSE
	EndGlobalSection
	GlobalSection(ExtensibilityGlobals) = postSolution
		SolutionGuid = {B338BA8F-F9DA-4106-A2AB-7C45657A2608}
	EndGlobalSection
EndGlobal
