
Microsoft Visual Studio Solution File, Format Version 12.00
# Visual Studio Version 17
VisualStudioVersion = 17.6.33815.320
MinimumVisualStudioVersion = 10.0.40219.1
Project("{FAE04EC0-301F-11D3-BF4B-00C04F79EFBC}") = "Phase3Section3.13", "Phase3Section3.13\Phase3Section3.13.csproj", "{B7A4BE9A-F7E5-4BE6-A3A9-F53BDD81A87B}"
EndProject
Global
	GlobalSection(SolutionConfigurationPlatforms) = preSolution
		Debug|Any CPU = Debug|Any CPU
		Release|Any CPU = Release|Any CPU
	EndGlobalSection
	GlobalSection(ProjectConfigurationPlatforms) = postSolution
		{B7A4BE9A-F7E5-4BE6-A3A9-F53BDD81A87B}.Debug|Any CPU.ActiveCfg = Debug|Any CPU
		{B7A4BE9A-F7E5-4BE6-A3A9-F53BDD81A87B}.Debug|Any CPU.Build.0 = Debug|Any CPU
		{B7A4BE9A-F7E5-4BE6-A3A9-F53BDD81A87B}.Release|Any CPU.ActiveCfg = Release|Any CPU
		{B7A4BE9A-F7E5-4BE6-A3A9-F53BDD81A87B}.Release|Any CPU.Build.0 = Release|Any CPU
	EndGlobalSection
	GlobalSection(SolutionProperties) = preSolution
		HideSolutionNode = FALSE
	EndGlobalSection
	GlobalSection(ExtensibilityGlobals) = postSolution
		SolutionGuid = {2C227A5E-58F7-44ED-964A-1E8DBB355ABF}
	EndGlobalSection
EndGlobal
